
Microsoft Visual Studio Solution File, Format Version 12.00
# Visual Studio 14
VisualStudioVersion = 14.0.25420.1
MinimumVisualStudioVersion = 10.0.40219.1
Project("{FAE04EC0-301F-11D3-BF4B-00C04F79EFBC}") = "Gront__Marching_Sqaure", "Gront__Marching_Sqaure.csproj", "{9A36550C-0FD6-4F3E-B786-A1664E5C65A5}"
EndProject
Project("{FAE04EC0-301F-11D3-BF4B-00C04F79EFBC}") = "Array2dTraverse", "Array2dTraverse\Array2dTraverse.csproj", "{A36F8FDB-562B-426F-8B6E-A3524EAC7AF0}"
EndProject
Project("{FAE04EC0-301F-11D3-BF4B-00C04F79EFBC}") = "TheUnitTestClassLibrary", "..\TheUnitTestClassLibrary\TheUnitTestClassLibrary.csproj", "{182B6E37-9C7B-4C19-8AF0-BB5599419F2E}"
EndProject
Global
	GlobalSection(SolutionConfigurationPlatforms) = preSolution
		Debug|Any CPU = Debug|Any CPU
		Release|Any CPU = Release|Any CPU
	EndGlobalSection
	GlobalSection(ProjectConfigurationPlatforms) = postSolution
		{9A36550C-0FD6-4F3E-B786-A1664E5C65A5}.Debug|Any CPU.ActiveCfg = Debug|Any CPU
		{9A36550C-0FD6-4F3E-B786-A1664E5C65A5}.Debug|Any CPU.Build.0 = Debug|Any CPU
		{9A36550C-0FD6-4F3E-B786-A1664E5C65A5}.Release|Any CPU.ActiveCfg = Release|Any CPU
		{9A36550C-0FD6-4F3E-B786-A1664E5C65A5}.Release|Any CPU.Build.0 = Release|Any CPU
		{A36F8FDB-562B-426F-8B6E-A3524EAC7AF0}.Debug|Any CPU.ActiveCfg = Debug|Any CPU
		{A36F8FDB-562B-426F-8B6E-A3524EAC7AF0}.Debug|Any CPU.Build.0 = Debug|Any CPU
		{A36F8FDB-562B-426F-8B6E-A3524EAC7AF0}.Release|Any CPU.ActiveCfg = Release|Any CPU
		{A36F8FDB-562B-426F-8B6E-A3524EAC7AF0}.Release|Any CPU.Build.0 = Release|Any CPU
		{182B6E37-9C7B-4C19-8AF0-BB5599419F2E}.Debug|Any CPU.ActiveCfg = Debug|Any CPU
		{182B6E37-9C7B-4C19-8AF0-BB5599419F2E}.Debug|Any CPU.Build.0 = Debug|Any CPU
		{182B6E37-9C7B-4C19-8AF0-BB5599419F2E}.Release|Any CPU.ActiveCfg = Release|Any CPU
		{182B6E37-9C7B-4C19-8AF0-BB5599419F2E}.Release|Any CPU.Build.0 = Release|Any CPU
	EndGlobalSection
	GlobalSection(SolutionProperties) = preSolution
		HideSolutionNode = FALSE
	EndGlobalSection
EndGlobal
